
Microsoft Visual Studio Solution File, Format Version 12.00
# Visual Studio Version 17
VisualStudioVersion = 17.14.36518.9 d17.14
MinimumVisualStudioVersion = 10.0.40219.1
Project("{8BC9CEB8-8B4A-11D0-8D11-00A0C91BC942}") = "ATM_PIN", "ATM_PIN\ATM_PIN.vcxproj", "{A1DE7092-75E6-4903-988F-485AB807C438}"
EndProject
Global
	GlobalSection(SolutionConfigurationPlatforms) = preSolution
		Debug|x64 = Debug|x64
		Debug|x86 = Debug|x86
		Release|x64 = Release|x64
		Release|x86 = Release|x86
	EndGlobalSection
	GlobalSection(ProjectConfigurationPlatforms) = postSolution
		{A1DE7092-75E6-4903-988F-485AB807C438}.Debug|x64.ActiveCfg = Debug|x64
		{A1DE7092-75E6-4903-988F-485AB807C438}.Debug|x64.Build.0 = Debug|x64
		{A1DE7092-75E6-4903-988F-485AB807C438}.Debug|x86.ActiveCfg = Debug|Win32
		{A1DE7092-75E6-4903-988F-485AB807C438}.Debug|x86.Build.0 = Debug|Win32
		{A1DE7092-75E6-4903-988F-485AB807C438}.Release|x64.ActiveCfg = Release|x64
		{A1DE7092-75E6-4903-988F-485AB807C438}.Release|x64.Build.0 = Release|x64
		{A1DE7092-75E6-4903-988F-485AB807C438}.Release|x86.ActiveCfg = Release|Win32
		{A1DE7092-75E6-4903-988F-485AB807C438}.Release|x86.Build.0 = Release|Win32
	EndGlobalSection
	GlobalSection(SolutionProperties) = preSolution
		HideSolutionNode = FALSE
	EndGlobalSection
	GlobalSection(ExtensibilityGlobals) = postSolution
		SolutionGuid = {BE6C6CDE-2F7A-47FA-B2EC-5DCAA669B12E}
	EndGlobalSection
EndGlobal
